// !$*UTF8*$!
{
	archiveVersion = 1;
	classes = {
	};
	objectVersion = 50;
	objects = {

/* Begin PBXBuildFile section */
		4E731E9423D6CF0D006E58AB /* ResultsViewController.swift in Sources */ = {isa = PBXBuildFile; fileRef = 4E731E9323D6CF0D006E58AB /* ResultsViewController.swift */; };
		4E731E9723D7C1B1006E58AB /* ResultsCell.swift in Sources */ = {isa = PBXBuildFile; fileRef = 4E731E9623D7C1B1006E58AB /* ResultsCell.swift */; };
		4E731E9A23D7D2AA006E58AB /* ApiKey.swift in Sources */ = {isa = PBXBuildFile; fileRef = 4E731E9923D7D2AA006E58AB /* ApiKey.swift */; };
		4E9198AD23C4590000F5F7AD /* Service.swift in Sources */ = {isa = PBXBuildFile; fileRef = 4E9198AC23C4590000F5F7AD /* Service.swift */; };
		4E9198AF23C6ACDC00F5F7AD /* YelpModels.swift in Sources */ = {isa = PBXBuildFile; fileRef = 4E9198AE23C6ACDC00F5F7AD /* YelpModels.swift */; };
		4EDD627E23B9AC72007B2861 /* AppDelegate.swift in Sources */ = {isa = PBXBuildFile; fileRef = 4EDD627D23B9AC72007B2861 /* AppDelegate.swift */; };
		4EDD628023B9AC72007B2861 /* SceneDelegate.swift in Sources */ = {isa = PBXBuildFile; fileRef = 4EDD627F23B9AC72007B2861 /* SceneDelegate.swift */; };
		4EDD628223B9AC72007B2861 /* MapViewController.swift in Sources */ = {isa = PBXBuildFile; fileRef = 4EDD628123B9AC72007B2861 /* MapViewController.swift */; };
		4EDD628523B9AC72007B2861 /* Main.storyboard in Resources */ = {isa = PBXBuildFile; fileRef = 4EDD628323B9AC72007B2861 /* Main.storyboard */; };
		4EDD628723B9AC7B007B2861 /* Assets.xcassets in Resources */ = {isa = PBXBuildFile; fileRef = 4EDD628623B9AC7B007B2861 /* Assets.xcassets */; };
		4EDD628A23B9AC7B007B2861 /* LaunchScreen.storyboard in Resources */ = {isa = PBXBuildFile; fileRef = 4EDD628823B9AC7B007B2861 /* LaunchScreen.storyboard */; };
		4EDD629223BADF39007B2861 /* RestaurantSearchTable.swift in Sources */ = {isa = PBXBuildFile; fileRef = 4EDD629123BADF39007B2861 /* RestaurantSearchTable.swift */; };
		96058AA104585DCB4DE1EBF9 /* libPods-Foodventures.a in Frameworks */ = {isa = PBXBuildFile; fileRef = AB111962BC4E3D529527F0EA /* libPods-Foodventures.a */; };
/* End PBXBuildFile section */

/* Begin PBXFileReference section */
		4E731E9323D6CF0D006E58AB /* ResultsViewController.swift */ = {isa = PBXFileReference; lastKnownFileType = sourcecode.swift; path = ResultsViewController.swift; sourceTree = "<group>"; };
		4E731E9623D7C1B1006E58AB /* ResultsCell.swift */ = {isa = PBXFileReference; lastKnownFileType = sourcecode.swift; path = ResultsCell.swift; sourceTree = "<group>"; };
		4E731E9923D7D2AA006E58AB /* ApiKey.swift */ = {isa = PBXFileReference; lastKnownFileType = sourcecode.swift; path = ApiKey.swift; sourceTree = "<group>"; };
		4E9198AC23C4590000F5F7AD /* Service.swift */ = {isa = PBXFileReference; lastKnownFileType = sourcecode.swift; path = Service.swift; sourceTree = "<group>"; };
		4E9198AE23C6ACDC00F5F7AD /* YelpModels.swift */ = {isa = PBXFileReference; lastKnownFileType = sourcecode.swift; path = YelpModels.swift; sourceTree = "<group>"; };
		4EDD627A23B9AC72007B2861 /* Foodventures.app */ = {isa = PBXFileReference; explicitFileType = wrapper.application; includeInIndex = 0; path = Foodventures.app; sourceTree = BUILT_PRODUCTS_DIR; };
		4EDD627D23B9AC72007B2861 /* AppDelegate.swift */ = {isa = PBXFileReference; lastKnownFileType = sourcecode.swift; path = AppDelegate.swift; sourceTree = "<group>"; };
		4EDD627F23B9AC72007B2861 /* SceneDelegate.swift */ = {isa = PBXFileReference; lastKnownFileType = sourcecode.swift; path = SceneDelegate.swift; sourceTree = "<group>"; };
		4EDD628123B9AC72007B2861 /* MapViewController.swift */ = {isa = PBXFileReference; lastKnownFileType = sourcecode.swift; path = MapViewController.swift; sourceTree = "<group>"; };
		4EDD628423B9AC72007B2861 /* Base */ = {isa = PBXFileReference; lastKnownFileType = file.storyboard; name = Base; path = Base.lproj/Main.storyboard; sourceTree = "<group>"; };
		4EDD628623B9AC7B007B2861 /* Assets.xcassets */ = {isa = PBXFileReference; lastKnownFileType = folder.assetcatalog; path = Assets.xcassets; sourceTree = "<group>"; };
		4EDD628923B9AC7B007B2861 /* Base */ = {isa = PBXFileReference; lastKnownFileType = file.storyboard; name = Base; path = Base.lproj/LaunchScreen.storyboard; sourceTree = "<group>"; };
		4EDD628B23B9AC7B007B2861 /* Info.plist */ = {isa = PBXFileReference; lastKnownFileType = text.plist.xml; path = Info.plist; sourceTree = "<group>"; };
		4EDD629123BADF39007B2861 /* RestaurantSearchTable.swift */ = {isa = PBXFileReference; lastKnownFileType = sourcecode.swift; path = RestaurantSearchTable.swift; sourceTree = "<group>"; };
		8DE04BB480D6A09E312F8D66 /* Pods-Foodventures.debug.xcconfig */ = {isa = PBXFileReference; includeInIndex = 1; lastKnownFileType = text.xcconfig; name = "Pods-Foodventures.debug.xcconfig"; path = "Target Support Files/Pods-Foodventures/Pods-Foodventures.debug.xcconfig"; sourceTree = "<group>"; };
		AB111962BC4E3D529527F0EA /* libPods-Foodventures.a */ = {isa = PBXFileReference; explicitFileType = archive.ar; includeInIndex = 0; path = "libPods-Foodventures.a"; sourceTree = BUILT_PRODUCTS_DIR; };
		AF3E5819645A07AB9C80C20C /* Pods-Foodventures.release.xcconfig */ = {isa = PBXFileReference; includeInIndex = 1; lastKnownFileType = text.xcconfig; name = "Pods-Foodventures.release.xcconfig"; path = "Target Support Files/Pods-Foodventures/Pods-Foodventures.release.xcconfig"; sourceTree = "<group>"; };
/* End PBXFileReference section */

/* Begin PBXFrameworksBuildPhase section */
		4EDD627723B9AC72007B2861 /* Frameworks */ = {
			isa = PBXFrameworksBuildPhase;
			buildActionMask = 2147483647;
			files = (
				96058AA104585DCB4DE1EBF9 /* libPods-Foodventures.a in Frameworks */,
			);
			runOnlyForDeploymentPostprocessing = 0;
		};
/* End PBXFrameworksBuildPhase section */

/* Begin PBXGroup section */
		1E11B4317DD06193FA394D04 /* Pods */ = {
			isa = PBXGroup;
			children = (
				8DE04BB480D6A09E312F8D66 /* Pods-Foodventures.debug.xcconfig */,
				AF3E5819645A07AB9C80C20C /* Pods-Foodventures.release.xcconfig */,
			);
			name = Pods;
			path = Pods;
			sourceTree = "<group>";
		};
		4E731E9023D6BA4E006E58AB /* Service */ = {
			isa = PBXGroup;
			children = (
				4E9198AC23C4590000F5F7AD /* Service.swift */,
			);
			path = Service;
			sourceTree = "<group>";
		};
		4E731E9123D6BA53006E58AB /* Model */ = {
			isa = PBXGroup;
			children = (
				4E9198AE23C6ACDC00F5F7AD /* YelpModels.swift */,
			);
			path = Model;
			sourceTree = "<group>";
		};
		4E731E9223D6BA65006E58AB /* Controller */ = {
			isa = PBXGroup;
			children = (
				4EDD629123BADF39007B2861 /* RestaurantSearchTable.swift */,
				4EDD628123B9AC72007B2861 /* MapViewController.swift */,
				4E731E9323D6CF0D006E58AB /* ResultsViewController.swift */,
			);
			path = Controller;
			sourceTree = "<group>";
		};
		4E731E9523D7C178006E58AB /* Views */ = {
			isa = PBXGroup;
			children = (
				4E731E9623D7C1B1006E58AB /* ResultsCell.swift */,
			);
			path = Views;
			sourceTree = "<group>";
		};
		4E731E9823D7D28F006E58AB /* Api */ = {
			isa = PBXGroup;
			children = (
				4E731E9923D7D2AA006E58AB /* ApiKey.swift */,
			);
			path = Api;
			sourceTree = "<group>";
		};
		4EDD627123B9AC72007B2861 = {
			isa = PBXGroup;
			children = (
				4EDD627C23B9AC72007B2861 /* Foodventures */,
				4EDD627B23B9AC72007B2861 /* Products */,
				1E11B4317DD06193FA394D04 /* Pods */,
				A18281A855B18DC62B440EC6 /* Frameworks */,
			);
			sourceTree = "<group>";
		};
		4EDD627B23B9AC72007B2861 /* Products */ = {
			isa = PBXGroup;
			children = (
				4EDD627A23B9AC72007B2861 /* Foodventures.app */,
			);
			name = Products;
			sourceTree = "<group>";
		};
		4EDD627C23B9AC72007B2861 /* Foodventures */ = {
			isa = PBXGroup;
			children = (
				4E731E9823D7D28F006E58AB /* Api */,
				4E731E9523D7C178006E58AB /* Views */,
				4E731E9123D6BA53006E58AB /* Model */,
				4E731E9023D6BA4E006E58AB /* Service */,
				4E731E9223D6BA65006E58AB /* Controller */,
				4EDD627F23B9AC72007B2861 /* SceneDelegate.swift */,
				4EDD627D23B9AC72007B2861 /* AppDelegate.swift */,
				4EDD628323B9AC72007B2861 /* Main.storyboard */,
				4EDD628623B9AC7B007B2861 /* Assets.xcassets */,
				4EDD628823B9AC7B007B2861 /* LaunchScreen.storyboard */,
				4EDD628B23B9AC7B007B2861 /* Info.plist */,
			);
			path = Foodventures;
			sourceTree = "<group>";
		};
		A18281A855B18DC62B440EC6 /* Frameworks */ = {
			isa = PBXGroup;
			children = (
				AB111962BC4E3D529527F0EA /* libPods-Foodventures.a */,
			);
			name = Frameworks;
			sourceTree = "<group>";
		};
/* End PBXGroup section */

/* Begin PBXNativeTarget section */
		4EDD627923B9AC72007B2861 /* Foodventures */ = {
			isa = PBXNativeTarget;
			buildConfigurationList = 4EDD628E23B9AC7B007B2861 /* Build configuration list for PBXNativeTarget "Foodventures" */;
			buildPhases = (
				855F9326CE5728320518A500 /* [CP] Check Pods Manifest.lock */,
				4EDD627623B9AC72007B2861 /* Sources */,
				4EDD627723B9AC72007B2861 /* Frameworks */,
				4EDD627823B9AC72007B2861 /* Resources */,
			);
			buildRules = (
			);
			dependencies = (
			);
			name = Foodventures;
			productName = Foodventures;
			productReference = 4EDD627A23B9AC72007B2861 /* Foodventures.app */;
			productType = "com.apple.product-type.application";
		};
/* End PBXNativeTarget section */

/* Begin PBXProject section */
		4EDD627223B9AC72007B2861 /* Project object */ = {
			isa = PBXProject;
			attributes = {
				LastSwiftUpdateCheck = 1120;
				LastUpgradeCheck = 1120;
				ORGANIZATIONNAME = frankusu;
				TargetAttributes = {
					4EDD627923B9AC72007B2861 = {
						CreatedOnToolsVersion = 11.2.1;
					};
				};
			};
			buildConfigurationList = 4EDD627523B9AC72007B2861 /* Build configuration list for PBXProject "Foodventures" */;
			compatibilityVersion = "Xcode 9.3";
			developmentRegion = en;
			hasScannedForEncodings = 0;
			knownRegions = (
				en,
				Base,
			);
			mainGroup = 4EDD627123B9AC72007B2861;
			productRefGroup = 4EDD627B23B9AC72007B2861 /* Products */;
			projectDirPath = "";
			projectRoot = "";
			targets = (
				4EDD627923B9AC72007B2861 /* Foodventures */,
			);
		};
/* End PBXProject section */

/* Begin PBXResourcesBuildPhase section */
		4EDD627823B9AC72007B2861 /* Resources */ = {
			isa = PBXResourcesBuildPhase;
			buildActionMask = 2147483647;
			files = (
				4EDD628A23B9AC7B007B2861 /* LaunchScreen.storyboard in Resources */,
				4EDD628723B9AC7B007B2861 /* Assets.xcassets in Resources */,
				4EDD628523B9AC72007B2861 /* Main.storyboard in Resources */,
			);
			runOnlyForDeploymentPostprocessing = 0;
		};
/* End PBXResourcesBuildPhase section */

/* Begin PBXShellScriptBuildPhase section */
		855F9326CE5728320518A500 /* [CP] Check Pods Manifest.lock */ = {
			isa = PBXShellScriptBuildPhase;
			buildActionMask = 2147483647;
			files = (
			);
			inputFileListPaths = (
			);
			inputPaths = (
				"${PODS_PODFILE_DIR_PATH}/Podfile.lock",
				"${PODS_ROOT}/Manifest.lock",
			);
			name = "[CP] Check Pods Manifest.lock";
			outputFileListPaths = (
			);
			outputPaths = (
				"$(DERIVED_FILE_DIR)/Pods-Foodventures-checkManifestLockResult.txt",
			);
			runOnlyForDeploymentPostprocessing = 0;
			shellPath = /bin/sh;
			shellScript = "diff \"${PODS_PODFILE_DIR_PATH}/Podfile.lock\" \"${PODS_ROOT}/Manifest.lock\" > /dev/null\nif [ $? != 0 ] ; then\n    # print error to STDERR\n    echo \"error: The sandbox is not in sync with the Podfile.lock. Run 'pod install' or update your CocoaPods installation.\" >&2\n    exit 1\nfi\n# This output is used by Xcode 'outputs' to avoid re-running this script phase.\necho \"SUCCESS\" > \"${SCRIPT_OUTPUT_FILE_0}\"\n";
			showEnvVarsInLog = 0;
		};
/* End PBXShellScriptBuildPhase section */

/* Begin PBXSourcesBuildPhase section */
		4EDD627623B9AC72007B2861 /* Sources */ = {
			isa = PBXSourcesBuildPhase;
			buildActionMask = 2147483647;
			files = (
				4EDD628223B9AC72007B2861 /* MapViewController.swift in Sources */,
				4E9198AF23C6ACDC00F5F7AD /* YelpModels.swift in Sources */,
				4E9198AD23C4590000F5F7AD /* Service.swift in Sources */,
				4E731E9423D6CF0D006E58AB /* ResultsViewController.swift in Sources */,
				4EDD629223BADF39007B2861 /* RestaurantSearchTable.swift in Sources */,
				4EDD627E23B9AC72007B2861 /* AppDelegate.swift in Sources */,
				4E731E9723D7C1B1006E58AB /* ResultsCell.swift in Sources */,
				4E731E9A23D7D2AA006E58AB /* ApiKey.swift in Sources */,
				4EDD628023B9AC72007B2861 /* SceneDelegate.swift in Sources */,
			);
			runOnlyForDeploymentPostprocessing = 0;
		};
/* End PBXSourcesBuildPhase section */

/* Begin PBXVariantGroup section */
		4EDD628323B9AC72007B2861 /* Main.storyboard */ = {
			isa = PBXVariantGroup;
			children = (
				4EDD628423B9AC72007B2861 /* Base */,
			);
			name = Main.storyboard;
			sourceTree = "<group>";
		};
		4EDD628823B9AC7B007B2861 /* LaunchScreen.storyboard */ = {
			isa = PBXVariantGroup;
			children = (
				4EDD628923B9AC7B007B2861 /* Base */,
			);
			name = LaunchScreen.storyboard;
			sourceTree = "<group>";
		};
/* End PBXVariantGroup section */

/* Begin XCBuildConfiguration section */
		4EDD628C23B9AC7B007B2861 /* Debug */ = {
			isa = XCBuildConfiguration;
			buildSettings = {
				ALWAYS_SEARCH_USER_PATHS = NO;
				CLANG_ANALYZER_NONNULL = YES;
				CLANG_ANALYZER_NUMBER_OBJECT_CONVERSION = YES_AGGRESSIVE;
				CLANG_CXX_LANGUAGE_STANDARD = "gnu++14";
				CLANG_CXX_LIBRARY = "libc++";
				CLANG_ENABLE_MODULES = YES;
				CLANG_ENABLE_OBJC_ARC = YES;
				CLANG_ENABLE_OBJC_WEAK = YES;
				CLANG_WARN_BLOCK_CAPTURE_AUTORELEASING = YES;
				CLANG_WARN_BOOL_CONVERSION = YES;
				CLANG_WARN_COMMA = YES;
				CLANG_WARN_CONSTANT_CONVERSION = YES;
				CLANG_WARN_DEPRECATED_OBJC_IMPLEMENTATIONS = YES;
				CLANG_WARN_DIRECT_OBJC_ISA_USAGE = YES_ERROR;
				CLANG_WARN_DOCUMENTATION_COMMENTS = YES;
				CLANG_WARN_EMPTY_BODY = YES;
				CLANG_WARN_ENUM_CONVERSION = YES;
				CLANG_WARN_INFINITE_RECURSION = YES;
				CLANG_WARN_INT_CONVERSION = YES;
				CLANG_WARN_NON_LITERAL_NULL_CONVERSION = YES;
				CLANG_WARN_OBJC_IMPLICIT_RETAIN_SELF = YES;
				CLANG_WARN_OBJC_LITERAL_CONVERSION = YES;
				CLANG_WARN_OBJC_ROOT_CLASS = YES_ERROR;
				CLANG_WARN_RANGE_LOOP_ANALYSIS = YES;
				CLANG_WARN_STRICT_PROTOTYPES = YES;
				CLANG_WARN_SUSPICIOUS_MOVE = YES;
				CLANG_WARN_UNGUARDED_AVAILABILITY = YES_AGGRESSIVE;
				CLANG_WARN_UNREACHABLE_CODE = YES;
				CLANG_WARN__DUPLICATE_METHOD_MATCH = YES;
				COPY_PHASE_STRIP = NO;
				DEBUG_INFORMATION_FORMAT = dwarf;
				ENABLE_STRICT_OBJC_MSGSEND = YES;
				ENABLE_TESTABILITY = YES;
				GCC_C_LANGUAGE_STANDARD = gnu11;
				GCC_DYNAMIC_NO_PIC = NO;
				GCC_NO_COMMON_BLOCKS = YES;
				GCC_OPTIMIZATION_LEVEL = 0;
				GCC_PREPROCESSOR_DEFINITIONS = (
					"DEBUG=1",
					"$(inherited)",
				);
				GCC_WARN_64_TO_32_BIT_CONVERSION = YES;
				GCC_WARN_ABOUT_RETURN_TYPE = YES_ERROR;
				GCC_WARN_UNDECLARED_SELECTOR = YES;
				GCC_WARN_UNINITIALIZED_AUTOS = YES_AGGRESSIVE;
				GCC_WARN_UNUSED_FUNCTION = YES;
				GCC_WARN_UNUSED_VARIABLE = YES;
				IPHONEOS_DEPLOYMENT_TARGET = 13.2;
				MTL_ENABLE_DEBUG_INFO = INCLUDE_SOURCE;
				MTL_FAST_MATH = YES;
				ONLY_ACTIVE_ARCH = YES;
				SDKROOT = iphoneos;
				SWIFT_ACTIVE_COMPILATION_CONDITIONS = DEBUG;
				SWIFT_OPTIMIZATION_LEVEL = "-Onone";
			};
			name = Debug;
		};
		4EDD628D23B9AC7B007B2861 /* Release */ = {
			isa = XCBuildConfiguration;
			buildSettings = {
				ALWAYS_SEARCH_USER_PATHS = NO;
				CLANG_ANALYZER_NONNULL = YES;
				CLANG_ANALYZER_NUMBER_OBJECT_CONVERSION = YES_AGGRESSIVE;
				CLANG_CXX_LANGUAGE_STANDARD = "gnu++14";
				CLANG_CXX_LIBRARY = "libc++";
				CLANG_ENABLE_MODULES = YES;
				CLANG_ENABLE_OBJC_ARC = YES;
				CLANG_ENABLE_OBJC_WEAK = YES;
				CLANG_WARN_BLOCK_CAPTURE_AUTORELEASING = YES;
				CLANG_WARN_BOOL_CONVERSION = YES;
				CLANG_WARN_COMMA = YES;
				CLANG_WARN_CONSTANT_CONVERSION = YES;
				CLANG_WARN_DEPRECATED_OBJC_IMPLEMENTATIONS = YES;
				CLANG_WARN_DIRECT_OBJC_ISA_USAGE = YES_ERROR;
				CLANG_WARN_DOCUMENTATION_COMMENTS = YES;
				CLANG_WARN_EMPTY_BODY = YES;
				CLANG_WARN_ENUM_CONVERSION = YES;
				CLANG_WARN_INFINITE_RECURSION = YES;
				CLANG_WARN_INT_CONVERSION = YES;
				CLANG_WARN_NON_LITERAL_NULL_CONVERSION = YES;
				CLANG_WARN_OBJC_IMPLICIT_RETAIN_SELF = YES;
				CLANG_WARN_OBJC_LITERAL_CONVERSION = YES;
				CLANG_WARN_OBJC_ROOT_CLASS = YES_ERROR;
				CLANG_WARN_RANGE_LOOP_ANALYSIS = YES;
				CLANG_WARN_STRICT_PROTOTYPES = YES;
				CLANG_WARN_SUSPICIOUS_MOVE = YES;
				CLANG_WARN_UNGUARDED_AVAILABILITY = YES_AGGRESSIVE;
				CLANG_WARN_UNREACHABLE_CODE = YES;
				CLANG_WARN__DUPLICATE_METHOD_MATCH = YES;
				COPY_PHASE_STRIP = NO;
				DEBUG_INFORMATION_FORMAT = "dwarf-with-dsym";
				ENABLE_NS_ASSERTIONS = NO;
				ENABLE_STRICT_OBJC_MSGSEND = YES;
				GCC_C_LANGUAGE_STANDARD = gnu11;
				GCC_NO_COMMON_BLOCKS = YES;
				GCC_WARN_64_TO_32_BIT_CONVERSION = YES;
				GCC_WARN_ABOUT_RETURN_TYPE = YES_ERROR;
				GCC_WARN_UNDECLARED_SELECTOR = YES;
				GCC_WARN_UNINITIALIZED_AUTOS = YES_AGGRESSIVE;
				GCC_WARN_UNUSED_FUNCTION = YES;
				GCC_WARN_UNUSED_VARIABLE = YES;
				IPHONEOS_DEPLOYMENT_TARGET = 13.2;
				MTL_ENABLE_DEBUG_INFO = NO;
				MTL_FAST_MATH = YES;
				SDKROOT = iphoneos;
				SWIFT_COMPILATION_MODE = wholemodule;
				SWIFT_OPTIMIZATION_LEVEL = "-O";
				VALIDATE_PRODUCT = YES;
			};
			name = Release;
		};
		4EDD628F23B9AC7B007B2861 /* Debug */ = {
			isa = XCBuildConfiguration;
			baseConfigurationReference = 8DE04BB480D6A09E312F8D66 /* Pods-Foodventures.debug.xcconfig */;
			buildSettings = {
				ASSETCATALOG_COMPILER_APPICON_NAME = AppIcon;
				CODE_SIGN_STYLE = Automatic;
				DEVELOPMENT_TEAM = 98RXKD757B;
				INFOPLIST_FILE = Foodventures/Info.plist;
				LD_RUNPATH_SEARCH_PATHS = (
					"$(inherited)",
					"@executable_path/Frameworks",
				);
				PRODUCT_BUNDLE_IDENTIFIER = com.frankusu.Foodventures;
				PRODUCT_NAME = "$(TARGET_NAME)";
				SWIFT_VERSION = 5.0;
				TARGETED_DEVICE_FAMILY = "1,2";
			};
			name = Debug;
		};
		4EDD629023B9AC7B007B2861 /* Release */ = {
			isa = XCBuildConfiguration;
			baseConfigurationReference = AF3E5819645A07AB9C80C20C /* Pods-Foodventures.release.xcconfig */;
			buildSettings = {
				ASSETCATALOG_COMPILER_APPICON_NAME = AppIcon;
				CODE_SIGN_STYLE = Automatic;
				DEVELOPMENT_TEAM = 98RXKD757B;
				INFOPLIST_FILE = Foodventures/Info.plist;
				LD_RUNPATH_SEARCH_PATHS = (
					"$(inherited)",
					"@executable_path/Frameworks",
				);
				PRODUCT_BUNDLE_IDENTIFIER = com.frankusu.Foodventures;
				PRODUCT_NAME = "$(TARGET_NAME)";
				SWIFT_VERSION = 5.0;
				TARGETED_DEVICE_FAMILY = "1,2";
			};
			name = Release;
		};
/* End XCBuildConfiguration section */

/* Begin XCConfigurationList section */
		4EDD627523B9AC72007B2861 /* Build configuration list for PBXProject "Foodventures" */ = {
			isa = XCConfigurationList;
			buildConfigurations = (
				4EDD628C23B9AC7B007B2861 /* Debug */,
				4EDD628D23B9AC7B007B2861 /* Release */,
			);
			defaultConfigurationIsVisible = 0;
			defaultConfigurationName = Release;
		};
		4EDD628E23B9AC7B007B2861 /* Build configuration list for PBXNativeTarget "Foodventures" */ = {
			isa = XCConfigurationList;
			buildConfigurations = (
				4EDD628F23B9AC7B007B2861 /* Debug */,
				4EDD629023B9AC7B007B2861 /* Release */,
			);
			defaultConfigurationIsVisible = 0;
			defaultConfigurationName = Release;
		};
/* End XCConfigurationList section */
	};
	rootObject = 4EDD627223B9AC72007B2861 /* Project object */;
}
